
Microsoft Visual Studio Solution File, Format Version 12.00
# Visual Studio Version 16
VisualStudioVersion = 16.0.29613.14
MinimumVisualStudioVersion = 10.0.40219.1
Project("{9A19103F-16F7-4668-BE54-9A1E7A4F7556}") = "Repository", "Patterns\Repository\Repository\Repository.csproj", "{4E4A4961-F15C-458C-ADCF-E3F84F6BE081}"
EndProject
Project("{9A19103F-16F7-4668-BE54-9A1E7A4F7556}") = "Repository.Tests", "Patterns\Repository\Repository.Tests\Repository.Tests.csproj", "{980DAC64-6DDD-4BE7-86AD-2AD638B30FCD}"
EndProject
Project("{2150E333-8FDC-42A3-9474-1A3956D46DE8}") = "Patterns", "Patterns", "{E9772538-66DF-4741-8B29-52775A85C625}"
EndProject
Project("{9A19103F-16F7-4668-BE54-9A1E7A4F7556}") = "Repository.Cosmos", "Patterns\Repository\Repository.Cosmos\Repository.Cosmos.csproj", "{FE4ED796-7E8D-4DEE-9C60-5BEE75F88013}"
EndProject
Project("{2150E333-8FDC-42A3-9474-1A3956D46DE8}") = "Repository", "Repository", "{5CBD454F-58CA-4E7E-AB87-EF47C8B2566C}"
EndProject
Project("{2150E333-8FDC-42A3-9474-1A3956D46DE8}") = "Helpers", "Helpers", "{84BB75AB-A8A3-4BEE-87C8-BD72F4B5788D}"
EndProject
Project("{9A19103F-16F7-4668-BE54-9A1E7A4F7556}") = "ContextHelpers", "Patterns\Helpers\ContextHelpers\ContextHelpers.csproj", "{C51F2FBF-E543-46BB-8A5F-2364D32CBABE}"
EndProject
Project("{2150E333-8FDC-42A3-9474-1A3956D46DE8}") = "Security", "Security", "{569E5552-474E-4D88-A637-661CB91C2E92}"
EndProject
Project("{9A19103F-16F7-4668-BE54-9A1E7A4F7556}") = "API.Security", "Patterns\Security\API.Security\API.Security.csproj", "{7B582EDA-B112-4648-A374-04FB807B74C4}"
EndProject
Project("{2150E333-8FDC-42A3-9474-1A3956D46DE8}") = "Azure", "Azure", "{4424C534-5F44-470C-91C2-6DDA030541C1}"
EndProject
Project("{FAE04EC0-301F-11D3-BF4B-00C04F79EFBC}") = "Azure.Storage", "Patterns\Azure\Azure.Storage\Azure.Storage.csproj", "{159D28E8-CC00-4963-BB2F-82F39840071E}"
EndProject
Project("{FAE04EC0-301F-11D3-BF4B-00C04F79EFBC}") = "Azure.Storage.Tests", "Patterns\Azure\Azure.Storage.Tests\Azure.Storage.Tests.csproj", "{5E165C07-C3BB-4029-BFC8-8AB0465AF347}"
EndProject
Global
	GlobalSection(SolutionConfigurationPlatforms) = preSolution
		Debug|Any CPU = Debug|Any CPU
		Release|Any CPU = Release|Any CPU
	EndGlobalSection
	GlobalSection(ProjectConfigurationPlatforms) = postSolution
		{4E4A4961-F15C-458C-ADCF-E3F84F6BE081}.Debug|Any CPU.ActiveCfg = Debug|Any CPU
		{4E4A4961-F15C-458C-ADCF-E3F84F6BE081}.Debug|Any CPU.Build.0 = Debug|Any CPU
		{4E4A4961-F15C-458C-ADCF-E3F84F6BE081}.Release|Any CPU.ActiveCfg = Release|Any CPU
		{4E4A4961-F15C-458C-ADCF-E3F84F6BE081}.Release|Any CPU.Build.0 = Release|Any CPU
		{980DAC64-6DDD-4BE7-86AD-2AD638B30FCD}.Debug|Any CPU.ActiveCfg = Debug|Any CPU
		{980DAC64-6DDD-4BE7-86AD-2AD638B30FCD}.Debug|Any CPU.Build.0 = Debug|Any CPU
		{980DAC64-6DDD-4BE7-86AD-2AD638B30FCD}.Release|Any CPU.ActiveCfg = Release|Any CPU
		{980DAC64-6DDD-4BE7-86AD-2AD638B30FCD}.Release|Any CPU.Build.0 = Release|Any CPU
		{FE4ED796-7E8D-4DEE-9C60-5BEE75F88013}.Debug|Any CPU.ActiveCfg = Debug|Any CPU
		{FE4ED796-7E8D-4DEE-9C60-5BEE75F88013}.Debug|Any CPU.Build.0 = Debug|Any CPU
		{FE4ED796-7E8D-4DEE-9C60-5BEE75F88013}.Release|Any CPU.ActiveCfg = Release|Any CPU
		{FE4ED796-7E8D-4DEE-9C60-5BEE75F88013}.Release|Any CPU.Build.0 = Release|Any CPU
		{C51F2FBF-E543-46BB-8A5F-2364D32CBABE}.Debug|Any CPU.ActiveCfg = Debug|Any CPU
		{C51F2FBF-E543-46BB-8A5F-2364D32CBABE}.Debug|Any CPU.Build.0 = Debug|Any CPU
		{C51F2FBF-E543-46BB-8A5F-2364D32CBABE}.Release|Any CPU.ActiveCfg = Release|Any CPU
		{C51F2FBF-E543-46BB-8A5F-2364D32CBABE}.Release|Any CPU.Build.0 = Release|Any CPU
		{7B582EDA-B112-4648-A374-04FB807B74C4}.Debug|Any CPU.ActiveCfg = Debug|Any CPU
		{7B582EDA-B112-4648-A374-04FB807B74C4}.Debug|Any CPU.Build.0 = Debug|Any CPU
		{7B582EDA-B112-4648-A374-04FB807B74C4}.Release|Any CPU.ActiveCfg = Release|Any CPU
		{7B582EDA-B112-4648-A374-04FB807B74C4}.Release|Any CPU.Build.0 = Release|Any CPU
		{159D28E8-CC00-4963-BB2F-82F39840071E}.Debug|Any CPU.ActiveCfg = Debug|Any CPU
		{159D28E8-CC00-4963-BB2F-82F39840071E}.Debug|Any CPU.Build.0 = Debug|Any CPU
		{159D28E8-CC00-4963-BB2F-82F39840071E}.Release|Any CPU.ActiveCfg = Release|Any CPU
		{159D28E8-CC00-4963-BB2F-82F39840071E}.Release|Any CPU.Build.0 = Release|Any CPU
		{5E165C07-C3BB-4029-BFC8-8AB0465AF347}.Debug|Any CPU.ActiveCfg = Debug|Any CPU
		{5E165C07-C3BB-4029-BFC8-8AB0465AF347}.Debug|Any CPU.Build.0 = Debug|Any CPU
		{5E165C07-C3BB-4029-BFC8-8AB0465AF347}.Release|Any CPU.ActiveCfg = Release|Any CPU
		{5E165C07-C3BB-4029-BFC8-8AB0465AF347}.Release|Any CPU.Build.0 = Release|Any CPU
	EndGlobalSection
	GlobalSection(SolutionProperties) = preSolution
		HideSolutionNode = FALSE
	EndGlobalSection
	GlobalSection(NestedProjects) = preSolution
		{4E4A4961-F15C-458C-ADCF-E3F84F6BE081} = {5CBD454F-58CA-4E7E-AB87-EF47C8B2566C}
		{980DAC64-6DDD-4BE7-86AD-2AD638B30FCD} = {5CBD454F-58CA-4E7E-AB87-EF47C8B2566C}
		{FE4ED796-7E8D-4DEE-9C60-5BEE75F88013} = {5CBD454F-58CA-4E7E-AB87-EF47C8B2566C}
		{5CBD454F-58CA-4E7E-AB87-EF47C8B2566C} = {E9772538-66DF-4741-8B29-52775A85C625}
		{84BB75AB-A8A3-4BEE-87C8-BD72F4B5788D} = {E9772538-66DF-4741-8B29-52775A85C625}
		{C51F2FBF-E543-46BB-8A5F-2364D32CBABE} = {84BB75AB-A8A3-4BEE-87C8-BD72F4B5788D}
		{569E5552-474E-4D88-A637-661CB91C2E92} = {E9772538-66DF-4741-8B29-52775A85C625}
		{7B582EDA-B112-4648-A374-04FB807B74C4} = {569E5552-474E-4D88-A637-661CB91C2E92}
		{4424C534-5F44-470C-91C2-6DDA030541C1} = {E9772538-66DF-4741-8B29-52775A85C625}
		{159D28E8-CC00-4963-BB2F-82F39840071E} = {4424C534-5F44-470C-91C2-6DDA030541C1}
		{5E165C07-C3BB-4029-BFC8-8AB0465AF347} = {4424C534-5F44-470C-91C2-6DDA030541C1}
	EndGlobalSection
	GlobalSection(ExtensibilityGlobals) = postSolution
		SolutionGuid = {D6A504C7-AC34-49DA-A8F3-FF4E512C92ED}
	EndGlobalSection
EndGlobal
